
Microsoft Visual Studio Solution File, Format Version 12.00
# Visual Studio Version 17
VisualStudioVersion = 17.1.32421.90
MinimumVisualStudioVersion = 10.0.40219.1
Project("{9092AA53-FB77-4645-B42D-1CCCA6BD08BD}") = "DIUSShopping", "DIUSShopping.njsproj", "{C4FC0812-A146-4ACE-89C6-4AEAFA302A7D}"
EndProject
Global
	GlobalSection(SolutionConfigurationPlatforms) = preSolution
		Debug|Any CPU = Debug|Any CPU
		Release|Any CPU = Release|Any CPU
	EndGlobalSection
	GlobalSection(ProjectConfigurationPlatforms) = postSolution
		{C4FC0812-A146-4ACE-89C6-4AEAFA302A7D}.Debug|Any CPU.ActiveCfg = Debug|Any CPU
		{C4FC0812-A146-4ACE-89C6-4AEAFA302A7D}.Debug|Any CPU.Build.0 = Debug|Any CPU
		{C4FC0812-A146-4ACE-89C6-4AEAFA302A7D}.Release|Any CPU.ActiveCfg = Release|Any CPU
		{C4FC0812-A146-4ACE-89C6-4AEAFA302A7D}.Release|Any CPU.Build.0 = Release|Any CPU
	EndGlobalSection
	GlobalSection(SolutionProperties) = preSolution
		HideSolutionNode = FALSE
	EndGlobalSection
	GlobalSection(ExtensibilityGlobals) = postSolution
		SolutionGuid = {550CA1D6-74CC-438D-9720-997D99289C91}
	EndGlobalSection
EndGlobal
